// !$*UTF8*$!
{
	archiveVersion = 1;
	classes = {
	};
	objectVersion = 51;
	objects = {

/* Begin PBXBuildFile section */
		12C8DA86A510E183E08A8C27 /* Pods_Parstagram_ParstagramUITests.framework in Frameworks */ = {isa = PBXBuildFile; fileRef = 4C76A4D2336F325C3F8244FA /* Pods_Parstagram_ParstagramUITests.framework */; };
		2F41D15625EDBEFC005936D8 /* PostCell.swift in Sources */ = {isa = PBXBuildFile; fileRef = 2F41D15525EDBEFC005936D8 /* PostCell.swift */; };
		2F62126425ED769F00A79FF6 /* AppDelegate.swift in Sources */ = {isa = PBXBuildFile; fileRef = 2F62126325ED769F00A79FF6 /* AppDelegate.swift */; };
		2F62126625ED769F00A79FF6 /* SceneDelegate.swift in Sources */ = {isa = PBXBuildFile; fileRef = 2F62126525ED769F00A79FF6 /* SceneDelegate.swift */; };
		2F62126B25ED769F00A79FF6 /* Main.storyboard in Resources */ = {isa = PBXBuildFile; fileRef = 2F62126925ED769F00A79FF6 /* Main.storyboard */; };
		2F62126D25ED76A000A79FF6 /* Assets.xcassets in Resources */ = {isa = PBXBuildFile; fileRef = 2F62126C25ED76A000A79FF6 /* Assets.xcassets */; };
		2F62127025ED76A000A79FF6 /* LaunchScreen.storyboard in Resources */ = {isa = PBXBuildFile; fileRef = 2F62126E25ED76A000A79FF6 /* LaunchScreen.storyboard */; };
		2F62127B25ED76A000A79FF6 /* ParstagramTests.swift in Sources */ = {isa = PBXBuildFile; fileRef = 2F62127A25ED76A000A79FF6 /* ParstagramTests.swift */; };
		2F62128625ED76A000A79FF6 /* ParstagramUITests.swift in Sources */ = {isa = PBXBuildFile; fileRef = 2F62128525ED76A000A79FF6 /* ParstagramUITests.swift */; };
		2F6212A625ED7E0D00A79FF6 /* LoginViewController.swift in Sources */ = {isa = PBXBuildFile; fileRef = 2F6212A525ED7E0D00A79FF6 /* LoginViewController.swift */; };
		2F6212AB25ED7E3200A79FF6 /* FeedViewController.swift in Sources */ = {isa = PBXBuildFile; fileRef = 2F6212AA25ED7E3200A79FF6 /* FeedViewController.swift */; };
		2F6212B025ED958700A79FF6 /* CameraViewController.swift in Sources */ = {isa = PBXBuildFile; fileRef = 2F6212AF25ED958700A79FF6 /* CameraViewController.swift */; };
		50A78E47BAEDC36F1B0F62D3 /* Pods_Parstagram.framework in Frameworks */ = {isa = PBXBuildFile; fileRef = 79EC4984862A1981B561B264 /* Pods_Parstagram.framework */; };
		A894E741BA7305171FC9E1D6 /* Pods_ParstagramTests.framework in Frameworks */ = {isa = PBXBuildFile; fileRef = 9C95B1900FFBF3760BC3A3F2 /* Pods_ParstagramTests.framework */; };
/* End PBXBuildFile section */

/* Begin PBXContainerItemProxy section */
		2F62127725ED76A000A79FF6 /* PBXContainerItemProxy */ = {
			isa = PBXContainerItemProxy;
			containerPortal = 2F62125825ED769F00A79FF6 /* Project object */;
			proxyType = 1;
			remoteGlobalIDString = 2F62125F25ED769F00A79FF6;
			remoteInfo = Parstagram;
		};
		2F62128225ED76A000A79FF6 /* PBXContainerItemProxy */ = {
			isa = PBXContainerItemProxy;
			containerPortal = 2F62125825ED769F00A79FF6 /* Project object */;
			proxyType = 1;
			remoteGlobalIDString = 2F62125F25ED769F00A79FF6;
			remoteInfo = Parstagram;
		};
/* End PBXContainerItemProxy section */

/* Begin PBXFileReference section */
		02E1EA4B8528FAFBB6B05907 /* Pods-Parstagram.release.xcconfig */ = {isa = PBXFileReference; includeInIndex = 1; lastKnownFileType = text.xcconfig; name = "Pods-Parstagram.release.xcconfig"; path = "Target Support Files/Pods-Parstagram/Pods-Parstagram.release.xcconfig"; sourceTree = "<group>"; };
		2F41D15525EDBEFC005936D8 /* PostCell.swift */ = {isa = PBXFileReference; lastKnownFileType = sourcecode.swift; path = PostCell.swift; sourceTree = "<group>"; };
		2F62126025ED769F00A79FF6 /* Parstagram.app */ = {isa = PBXFileReference; explicitFileType = wrapper.application; includeInIndex = 0; path = Parstagram.app; sourceTree = BUILT_PRODUCTS_DIR; };
		2F62126325ED769F00A79FF6 /* AppDelegate.swift */ = {isa = PBXFileReference; lastKnownFileType = sourcecode.swift; path = AppDelegate.swift; sourceTree = "<group>"; };
		2F62126525ED769F00A79FF6 /* SceneDelegate.swift */ = {isa = PBXFileReference; lastKnownFileType = sourcecode.swift; path = SceneDelegate.swift; sourceTree = "<group>"; };
		2F62126A25ED769F00A79FF6 /* Base */ = {isa = PBXFileReference; lastKnownFileType = file.storyboard; name = Base; path = Base.lproj/Main.storyboard; sourceTree = "<group>"; };
		2F62126C25ED76A000A79FF6 /* Assets.xcassets */ = {isa = PBXFileReference; lastKnownFileType = folder.assetcatalog; path = Assets.xcassets; sourceTree = "<group>"; };
		2F62126F25ED76A000A79FF6 /* Base */ = {isa = PBXFileReference; lastKnownFileType = file.storyboard; name = Base; path = Base.lproj/LaunchScreen.storyboard; sourceTree = "<group>"; };
		2F62127125ED76A000A79FF6 /* Info.plist */ = {isa = PBXFileReference; lastKnownFileType = text.plist.xml; path = Info.plist; sourceTree = "<group>"; };
		2F62127625ED76A000A79FF6 /* ParstagramTests.xctest */ = {isa = PBXFileReference; explicitFileType = wrapper.cfbundle; includeInIndex = 0; path = ParstagramTests.xctest; sourceTree = BUILT_PRODUCTS_DIR; };
		2F62127A25ED76A000A79FF6 /* ParstagramTests.swift */ = {isa = PBXFileReference; lastKnownFileType = sourcecode.swift; path = ParstagramTests.swift; sourceTree = "<group>"; };
		2F62127C25ED76A000A79FF6 /* Info.plist */ = {isa = PBXFileReference; lastKnownFileType = text.plist.xml; path = Info.plist; sourceTree = "<group>"; };
		2F62128125ED76A000A79FF6 /* ParstagramUITests.xctest */ = {isa = PBXFileReference; explicitFileType = wrapper.cfbundle; includeInIndex = 0; path = ParstagramUITests.xctest; sourceTree = BUILT_PRODUCTS_DIR; };
		2F62128525ED76A000A79FF6 /* ParstagramUITests.swift */ = {isa = PBXFileReference; lastKnownFileType = sourcecode.swift; path = ParstagramUITests.swift; sourceTree = "<group>"; };
		2F62128725ED76A000A79FF6 /* Info.plist */ = {isa = PBXFileReference; lastKnownFileType = text.plist.xml; path = Info.plist; sourceTree = "<group>"; };
		2F6212A525ED7E0D00A79FF6 /* LoginViewController.swift */ = {isa = PBXFileReference; lastKnownFileType = sourcecode.swift; path = LoginViewController.swift; sourceTree = "<group>"; };
		2F6212AA25ED7E3200A79FF6 /* FeedViewController.swift */ = {isa = PBXFileReference; lastKnownFileType = sourcecode.swift; path = FeedViewController.swift; sourceTree = "<group>"; };
		2F6212AF25ED958700A79FF6 /* CameraViewController.swift */ = {isa = PBXFileReference; lastKnownFileType = sourcecode.swift; path = CameraViewController.swift; sourceTree = "<group>"; };
		427E4BB1AAA90668E6790C73 /* Pods-ParstagramTests.release.xcconfig */ = {isa = PBXFileReference; includeInIndex = 1; lastKnownFileType = text.xcconfig; name = "Pods-ParstagramTests.release.xcconfig"; path = "Target Support Files/Pods-ParstagramTests/Pods-ParstagramTests.release.xcconfig"; sourceTree = "<group>"; };
		4C76A4D2336F325C3F8244FA /* Pods_Parstagram_ParstagramUITests.framework */ = {isa = PBXFileReference; explicitFileType = wrapper.framework; includeInIndex = 0; path = Pods_Parstagram_ParstagramUITests.framework; sourceTree = BUILT_PRODUCTS_DIR; };
		7113D309FCFEEC37A4946F2F /* Pods-Parstagram-ParstagramUITests.debug.xcconfig */ = {isa = PBXFileReference; includeInIndex = 1; lastKnownFileType = text.xcconfig; name = "Pods-Parstagram-ParstagramUITests.debug.xcconfig"; path = "Target Support Files/Pods-Parstagram-ParstagramUITests/Pods-Parstagram-ParstagramUITests.debug.xcconfig"; sourceTree = "<group>"; };
		79EC4984862A1981B561B264 /* Pods_Parstagram.framework */ = {isa = PBXFileReference; explicitFileType = wrapper.framework; includeInIndex = 0; path = Pods_Parstagram.framework; sourceTree = BUILT_PRODUCTS_DIR; };
		9C95B1900FFBF3760BC3A3F2 /* Pods_ParstagramTests.framework */ = {isa = PBXFileReference; explicitFileType = wrapper.framework; includeInIndex = 0; path = Pods_ParstagramTests.framework; sourceTree = BUILT_PRODUCTS_DIR; };
		A0A44CC81E9396A175B030FE /* Pods-ParstagramTests.debug.xcconfig */ = {isa = PBXFileReference; includeInIndex = 1; lastKnownFileType = text.xcconfig; name = "Pods-ParstagramTests.debug.xcconfig"; path = "Target Support Files/Pods-ParstagramTests/Pods-ParstagramTests.debug.xcconfig"; sourceTree = "<group>"; };
		C64A11349A2A4BF956EF50BD /* Pods-Parstagram.debug.xcconfig */ = {isa = PBXFileReference; includeInIndex = 1; lastKnownFileType = text.xcconfig; name = "Pods-Parstagram.debug.xcconfig"; path = "Target Support Files/Pods-Parstagram/Pods-Parstagram.debug.xcconfig"; sourceTree = "<group>"; };
		EB4A4BF6FA5BA46E22F5E55A /* Pods-Parstagram-ParstagramUITests.release.xcconfig */ = {isa = PBXFileReference; includeInIndex = 1; lastKnownFileType = text.xcconfig; name = "Pods-Parstagram-ParstagramUITests.release.xcconfig"; path = "Target Support Files/Pods-Parstagram-ParstagramUITests/Pods-Parstagram-ParstagramUITests.release.xcconfig"; sourceTree = "<group>"; };
/* End PBXFileReference section */

/* Begin PBXFrameworksBuildPhase section */
		2F62125D25ED769F00A79FF6 /* Frameworks */ = {
			isa = PBXFrameworksBuildPhase;
			buildActionMask = 2147483647;
			files = (
				50A78E47BAEDC36F1B0F62D3 /* Pods_Parstagram.framework in Frameworks */,
			);
			runOnlyForDeploymentPostprocessing = 0;
		};
		2F62127325ED76A000A79FF6 /* Frameworks */ = {
			isa = PBXFrameworksBuildPhase;
			buildActionMask = 2147483647;
			files = (
				A894E741BA7305171FC9E1D6 /* Pods_ParstagramTests.framework in Frameworks */,
			);
			runOnlyForDeploymentPostprocessing = 0;
		};
		2F62127E25ED76A000A79FF6 /* Frameworks */ = {
			isa = PBXFrameworksBuildPhase;
			buildActionMask = 2147483647;
			files = (
				12C8DA86A510E183E08A8C27 /* Pods_Parstagram_ParstagramUITests.framework in Frameworks */,
			);
			runOnlyForDeploymentPostprocessing = 0;
		};
/* End PBXFrameworksBuildPhase section */

/* Begin PBXGroup section */
		2F62125725ED769F00A79FF6 = {
			isa = PBXGroup;
			children = (
				2F62126225ED769F00A79FF6 /* Parstagram */,
				2F62127925ED76A000A79FF6 /* ParstagramTests */,
				2F62128425ED76A000A79FF6 /* ParstagramUITests */,
				2F62126125ED769F00A79FF6 /* Products */,
				6DCEC016D5E4F9B72720A28E /* Pods */,
				BFC4E2298BB11EA9B316E72E /* Frameworks */,
			);
			sourceTree = "<group>";
		};
		2F62126125ED769F00A79FF6 /* Products */ = {
			isa = PBXGroup;
			children = (
				2F62126025ED769F00A79FF6 /* Parstagram.app */,
				2F62127625ED76A000A79FF6 /* ParstagramTests.xctest */,
				2F62128125ED76A000A79FF6 /* ParstagramUITests.xctest */,
			);
			name = Products;
			sourceTree = "<group>";
		};
		2F62126225ED769F00A79FF6 /* Parstagram */ = {
			isa = PBXGroup;
			children = (
				2F62126325ED769F00A79FF6 /* AppDelegate.swift */,
				2F62126525ED769F00A79FF6 /* SceneDelegate.swift */,
				2F62126925ED769F00A79FF6 /* Main.storyboard */,
				2F62126C25ED76A000A79FF6 /* Assets.xcassets */,
				2F62126E25ED76A000A79FF6 /* LaunchScreen.storyboard */,
				2F62127125ED76A000A79FF6 /* Info.plist */,
				2F6212A525ED7E0D00A79FF6 /* LoginViewController.swift */,
				2F6212AA25ED7E3200A79FF6 /* FeedViewController.swift */,
				2F6212AF25ED958700A79FF6 /* CameraViewController.swift */,
				2F41D15525EDBEFC005936D8 /* PostCell.swift */,
			);
			path = Parstagram;
			sourceTree = "<group>";
		};
		2F62127925ED76A000A79FF6 /* ParstagramTests */ = {
			isa = PBXGroup;
			children = (
				2F62127A25ED76A000A79FF6 /* ParstagramTests.swift */,
				2F62127C25ED76A000A79FF6 /* Info.plist */,
			);
			path = ParstagramTests;
			sourceTree = "<group>";
		};
		2F62128425ED76A000A79FF6 /* ParstagramUITests */ = {
			isa = PBXGroup;
			children = (
				2F62128525ED76A000A79FF6 /* ParstagramUITests.swift */,
				2F62128725ED76A000A79FF6 /* Info.plist */,
			);
			path = ParstagramUITests;
			sourceTree = "<group>";
		};
		6DCEC016D5E4F9B72720A28E /* Pods */ = {
			isa = PBXGroup;
			children = (
				C64A11349A2A4BF956EF50BD /* Pods-Parstagram.debug.xcconfig */,
				02E1EA4B8528FAFBB6B05907 /* Pods-Parstagram.release.xcconfig */,
				7113D309FCFEEC37A4946F2F /* Pods-Parstagram-ParstagramUITests.debug.xcconfig */,
				EB4A4BF6FA5BA46E22F5E55A /* Pods-Parstagram-ParstagramUITests.release.xcconfig */,
				A0A44CC81E9396A175B030FE /* Pods-ParstagramTests.debug.xcconfig */,
				427E4BB1AAA90668E6790C73 /* Pods-ParstagramTests.release.xcconfig */,
			);
			path = Pods;
			sourceTree = "<group>";
		};
		BFC4E2298BB11EA9B316E72E /* Frameworks */ = {
			isa = PBXGroup;
			children = (
				79EC4984862A1981B561B264 /* Pods_Parstagram.framework */,
				4C76A4D2336F325C3F8244FA /* Pods_Parstagram_ParstagramUITests.framework */,
				9C95B1900FFBF3760BC3A3F2 /* Pods_ParstagramTests.framework */,
			);
			name = Frameworks;
			sourceTree = "<group>";
		};
/* End PBXGroup section */

/* Begin PBXNativeTarget section */
		2F62125F25ED769F00A79FF6 /* Parstagram */ = {
			isa = PBXNativeTarget;
			buildConfigurationList = 2F62128A25ED76A000A79FF6 /* Build configuration list for PBXNativeTarget "Parstagram" */;
			buildPhases = (
				13AA146A8204278DC457F54F /* [CP] Check Pods Manifest.lock */,
				2F62125C25ED769F00A79FF6 /* Sources */,
				2F62125D25ED769F00A79FF6 /* Frameworks */,
				2F62125E25ED769F00A79FF6 /* Resources */,
				DFD7097B617E675EEAC607B6 /* [CP] Embed Pods Frameworks */,
			);
			buildRules = (
			);
			dependencies = (
			);
			name = Parstagram;
			productName = Parstagram;
			productReference = 2F62126025ED769F00A79FF6 /* Parstagram.app */;
			productType = "com.apple.product-type.application";
		};
		2F62127525ED76A000A79FF6 /* ParstagramTests */ = {
			isa = PBXNativeTarget;
			buildConfigurationList = 2F62128D25ED76A000A79FF6 /* Build configuration list for PBXNativeTarget "ParstagramTests" */;
			buildPhases = (
				01E4879F8E490CBAF538C99A /* [CP] Check Pods Manifest.lock */,
				2F62127225ED76A000A79FF6 /* Sources */,
				2F62127325ED76A000A79FF6 /* Frameworks */,
				2F62127425ED76A000A79FF6 /* Resources */,
			);
			buildRules = (
			);
			dependencies = (
				2F62127825ED76A000A79FF6 /* PBXTargetDependency */,
			);
			name = ParstagramTests;
			productName = ParstagramTests;
			productReference = 2F62127625ED76A000A79FF6 /* ParstagramTests.xctest */;
			productType = "com.apple.product-type.bundle.unit-test";
		};
		2F62128025ED76A000A79FF6 /* ParstagramUITests */ = {
			isa = PBXNativeTarget;
			buildConfigurationList = 2F62129025ED76A000A79FF6 /* Build configuration list for PBXNativeTarget "ParstagramUITests" */;
			buildPhases = (
				01A0083FC0D45C9B96D08BD7 /* [CP] Check Pods Manifest.lock */,
				2F62127D25ED76A000A79FF6 /* Sources */,
				2F62127E25ED76A000A79FF6 /* Frameworks */,
				2F62127F25ED76A000A79FF6 /* Resources */,
				60CB068C8FFF72CFE4786D01 /* [CP] Embed Pods Frameworks */,
			);
			buildRules = (
			);
			dependencies = (
				2F62128325ED76A000A79FF6 /* PBXTargetDependency */,
			);
			name = ParstagramUITests;
			productName = ParstagramUITests;
			productReference = 2F62128125ED76A000A79FF6 /* ParstagramUITests.xctest */;
			productType = "com.apple.product-type.bundle.ui-testing";
		};
/* End PBXNativeTarget section */

/* Begin PBXProject section */
		2F62125825ED769F00A79FF6 /* Project object */ = {
			isa = PBXProject;
			attributes = {
				LastSwiftUpdateCheck = 1240;
				LastUpgradeCheck = 1240;
				TargetAttributes = {
					2F62125F25ED769F00A79FF6 = {
						CreatedOnToolsVersion = 12.4;
					};
					2F62127525ED76A000A79FF6 = {
						CreatedOnToolsVersion = 12.4;
						TestTargetID = 2F62125F25ED769F00A79FF6;
					};
					2F62128025ED76A000A79FF6 = {
						CreatedOnToolsVersion = 12.4;
						TestTargetID = 2F62125F25ED769F00A79FF6;
					};
				};
			};
			buildConfigurationList = 2F62125B25ED769F00A79FF6 /* Build configuration list for PBXProject "Parstagram" */;
			compatibilityVersion = "Xcode 9.3";
			developmentRegion = en;
			hasScannedForEncodings = 0;
			knownRegions = (
				en,
				Base,
			);
			mainGroup = 2F62125725ED769F00A79FF6;
			productRefGroup = 2F62126125ED769F00A79FF6 /* Products */;
			projectDirPath = "";
			projectRoot = "";
			targets = (
				2F62125F25ED769F00A79FF6 /* Parstagram */,
				2F62127525ED76A000A79FF6 /* ParstagramTests */,
				2F62128025ED76A000A79FF6 /* ParstagramUITests */,
			);
		};
/* End PBXProject section */

/* Begin PBXResourcesBuildPhase section */
		2F62125E25ED769F00A79FF6 /* Resources */ = {
			isa = PBXResourcesBuildPhase;
			buildActionMask = 2147483647;
			files = (
				2F62127025ED76A000A79FF6 /* LaunchScreen.storyboard in Resources */,
				2F62126D25ED76A000A79FF6 /* Assets.xcassets in Resources */,
				2F62126B25ED769F00A79FF6 /* Main.storyboard in Resources */,
			);
			runOnlyForDeploymentPostprocessing = 0;
		};
		2F62127425ED76A000A79FF6 /* Resources */ = {
			isa = PBXResourcesBuildPhase;
			buildActionMask = 2147483647;
			files = (
			);
			runOnlyForDeploymentPostprocessing = 0;
		};
		2F62127F25ED76A000A79FF6 /* Resources */ = {
			isa = PBXResourcesBuildPhase;
			buildActionMask = 2147483647;
			files = (
			);
			runOnlyForDeploymentPostprocessing = 0;
		};
/* End PBXResourcesBuildPhase section */

/* Begin PBXShellScriptBuildPhase section */
		01A0083FC0D45C9B96D08BD7 /* [CP] Check Pods Manifest.lock */ = {
			isa = PBXShellScriptBuildPhase;
			buildActionMask = 2147483647;
			files = (
			);
			inputFileListPaths = (
			);
			inputPaths = (
				"${PODS_PODFILE_DIR_PATH}/Podfile.lock",
				"${PODS_ROOT}/Manifest.lock",
			);
			name = "[CP] Check Pods Manifest.lock";
			outputFileListPaths = (
			);
			outputPaths = (
				"$(DERIVED_FILE_DIR)/Pods-Parstagram-ParstagramUITests-checkManifestLockResult.txt",
			);
			runOnlyForDeploymentPostprocessing = 0;
			shellPath = /bin/sh;
			shellScript = "diff \"${PODS_PODFILE_DIR_PATH}/Podfile.lock\" \"${PODS_ROOT}/Manifest.lock\" > /dev/null\nif [ $? != 0 ] ; then\n    # print error to STDERR\n    echo \"error: The sandbox is not in sync with the Podfile.lock. Run 'pod install' or update your CocoaPods installation.\" >&2\n    exit 1\nfi\n# This output is used by Xcode 'outputs' to avoid re-running this script phase.\necho \"SUCCESS\" > \"${SCRIPT_OUTPUT_FILE_0}\"\n";
			showEnvVarsInLog = 0;
		};
		01E4879F8E490CBAF538C99A /* [CP] Check Pods Manifest.lock */ = {
			isa = PBXShellScriptBuildPhase;
			buildActionMask = 2147483647;
			files = (
			);
			inputFileListPaths = (
			);
			inputPaths = (
				"${PODS_PODFILE_DIR_PATH}/Podfile.lock",
				"${PODS_ROOT}/Manifest.lock",
			);
			name = "[CP] Check Pods Manifest.lock";
			outputFileListPaths = (
			);
			outputPaths = (
				"$(DERIVED_FILE_DIR)/Pods-ParstagramTests-checkManifestLockResult.txt",
			);
			runOnlyForDeploymentPostprocessing = 0;
			shellPath = /bin/sh;
			shellScript = "diff \"${PODS_PODFILE_DIR_PATH}/Podfile.lock\" \"${PODS_ROOT}/Manifest.lock\" > /dev/null\nif [ $? != 0 ] ; then\n    # print error to STDERR\n    echo \"error: The sandbox is not in sync with the Podfile.lock. Run 'pod install' or update your CocoaPods installation.\" >&2\n    exit 1\nfi\n# This output is used by Xcode 'outputs' to avoid re-running this script phase.\necho \"SUCCESS\" > \"${SCRIPT_OUTPUT_FILE_0}\"\n";
			showEnvVarsInLog = 0;
		};
		13AA146A8204278DC457F54F /* [CP] Check Pods Manifest.lock */ = {
			isa = PBXShellScriptBuildPhase;
			buildActionMask = 2147483647;
			files = (
			);
			inputFileListPaths = (
			);
			inputPaths = (
				"${PODS_PODFILE_DIR_PATH}/Podfile.lock",
				"${PODS_ROOT}/Manifest.lock",
			);
			name = "[CP] Check Pods Manifest.lock";
			outputFileListPaths = (
			);
			outputPaths = (
				"$(DERIVED_FILE_DIR)/Pods-Parstagram-checkManifestLockResult.txt",
			);
			runOnlyForDeploymentPostprocessing = 0;
			shellPath = /bin/sh;
			shellScript = "diff \"${PODS_PODFILE_DIR_PATH}/Podfile.lock\" \"${PODS_ROOT}/Manifest.lock\" > /dev/null\nif [ $? != 0 ] ; then\n    # print error to STDERR\n    echo \"error: The sandbox is not in sync with the Podfile.lock. Run 'pod install' or update your CocoaPods installation.\" >&2\n    exit 1\nfi\n# This output is used by Xcode 'outputs' to avoid re-running this script phase.\necho \"SUCCESS\" > \"${SCRIPT_OUTPUT_FILE_0}\"\n";
			showEnvVarsInLog = 0;
		};
		60CB068C8FFF72CFE4786D01 /* [CP] Embed Pods Frameworks */ = {
			isa = PBXShellScriptBuildPhase;
			buildActionMask = 2147483647;
			files = (
			);
			inputFileListPaths = (
				"${PODS_ROOT}/Target Support Files/Pods-Parstagram-ParstagramUITests/Pods-Parstagram-ParstagramUITests-frameworks-${CONFIGURATION}-input-files.xcfilelist",
			);
			name = "[CP] Embed Pods Frameworks";
			outputFileListPaths = (
				"${PODS_ROOT}/Target Support Files/Pods-Parstagram-ParstagramUITests/Pods-Parstagram-ParstagramUITests-frameworks-${CONFIGURATION}-output-files.xcfilelist",
			);
			runOnlyForDeploymentPostprocessing = 0;
			shellPath = /bin/sh;
			shellScript = "\"${PODS_ROOT}/Target Support Files/Pods-Parstagram-ParstagramUITests/Pods-Parstagram-ParstagramUITests-frameworks.sh\"\n";
			showEnvVarsInLog = 0;
		};
		DFD7097B617E675EEAC607B6 /* [CP] Embed Pods Frameworks */ = {
			isa = PBXShellScriptBuildPhase;
			buildActionMask = 2147483647;
			files = (
			);
			inputFileListPaths = (
				"${PODS_ROOT}/Target Support Files/Pods-Parstagram/Pods-Parstagram-frameworks-${CONFIGURATION}-input-files.xcfilelist",
			);
			name = "[CP] Embed Pods Frameworks";
			outputFileListPaths = (
				"${PODS_ROOT}/Target Support Files/Pods-Parstagram/Pods-Parstagram-frameworks-${CONFIGURATION}-output-files.xcfilelist",
			);
			runOnlyForDeploymentPostprocessing = 0;
			shellPath = /bin/sh;
			shellScript = "\"${PODS_ROOT}/Target Support Files/Pods-Parstagram/Pods-Parstagram-frameworks.sh\"\n";
			showEnvVarsInLog = 0;
		};
/* End PBXShellScriptBuildPhase section */

/* Begin PBXSourcesBuildPhase section */
		2F62125C25ED769F00A79FF6 /* Sources */ = {
			isa = PBXSourcesBuildPhase;
			buildActionMask = 2147483647;
			files = (
				2F6212A625ED7E0D00A79FF6 /* LoginViewController.swift in Sources */,
				2F6212B025ED958700A79FF6 /* CameraViewController.swift in Sources */,
				2F62126425ED769F00A79FF6 /* AppDelegate.swift in Sources */,
				2F6212AB25ED7E3200A79FF6 /* FeedViewController.swift in Sources */,
				2F62126625ED769F00A79FF6 /* SceneDelegate.swift in Sources */,
				2F41D15625EDBEFC005936D8 /* PostCell.swift in Sources */,
			);
			runOnlyForDeploymentPostprocessing = 0;
		};
		2F62127225ED76A000A79FF6 /* Sources */ = {
			isa = PBXSourcesBuildPhase;
			buildActionMask = 2147483647;
			files = (
				2F62127B25ED76A000A79FF6 /* ParstagramTests.swift in Sources */,
			);
			runOnlyForDeploymentPostprocessing = 0;
		};
		2F62127D25ED76A000A79FF6 /* Sources */ = {
			isa = PBXSourcesBuildPhase;
			buildActionMask = 2147483647;
			files = (
				2F62128625ED76A000A79FF6 /* ParstagramUITests.swift in Sources */,
			);
			runOnlyForDeploymentPostprocessing = 0;
		};
/* End PBXSourcesBuildPhase section */

/* Begin PBXTargetDependency section */
		2F62127825ED76A000A79FF6 /* PBXTargetDependency */ = {
			isa = PBXTargetDependency;
			target = 2F62125F25ED769F00A79FF6 /* Parstagram */;
			targetProxy = 2F62127725ED76A000A79FF6 /* PBXContainerItemProxy */;
		};
		2F62128325ED76A000A79FF6 /* PBXTargetDependency */ = {
			isa = PBXTargetDependency;
			target = 2F62125F25ED769F00A79FF6 /* Parstagram */;
			targetProxy = 2F62128225ED76A000A79FF6 /* PBXContainerItemProxy */;
		};
/* End PBXTargetDependency section */

/* Begin PBXVariantGroup section */
		2F62126925ED769F00A79FF6 /* Main.storyboard */ = {
			isa = PBXVariantGroup;
			children = (
				2F62126A25ED769F00A79FF6 /* Base */,
			);
			name = Main.storyboard;
			sourceTree = "<group>";
		};
		2F62126E25ED76A000A79FF6 /* LaunchScreen.storyboard */ = {
			isa = PBXVariantGroup;
			children = (
				2F62126F25ED76A000A79FF6 /* Base */,
			);
			name = LaunchScreen.storyboard;
			sourceTree = "<group>";
		};
/* End PBXVariantGroup section */

/* Begin XCBuildConfiguration section */
		2F62128825ED76A000A79FF6 /* Debug */ = {
			isa = XCBuildConfiguration;
			buildSettings = {
				ALWAYS_SEARCH_USER_PATHS = NO;
				CLANG_ANALYZER_NONNULL = YES;
				CLANG_ANALYZER_NUMBER_OBJECT_CONVERSION = YES_AGGRESSIVE;
				CLANG_CXX_LANGUAGE_STANDARD = "gnu++14";
				CLANG_CXX_LIBRARY = "libc++";
				CLANG_ENABLE_MODULES = YES;
				CLANG_ENABLE_OBJC_ARC = YES;
				CLANG_ENABLE_OBJC_WEAK = YES;
				CLANG_WARN_BLOCK_CAPTURE_AUTORELEASING = YES;
				CLANG_WARN_BOOL_CONVERSION = YES;
				CLANG_WARN_COMMA = YES;
				CLANG_WARN_CONSTANT_CONVERSION = YES;
				CLANG_WARN_DEPRECATED_OBJC_IMPLEMENTATIONS = YES;
				CLANG_WARN_DIRECT_OBJC_ISA_USAGE = YES_ERROR;
				CLANG_WARN_DOCUMENTATION_COMMENTS = YES;
				CLANG_WARN_EMPTY_BODY = YES;
				CLANG_WARN_ENUM_CONVERSION = YES;
				CLANG_WARN_INFINITE_RECURSION = YES;
				CLANG_WARN_INT_CONVERSION = YES;
				CLANG_WARN_NON_LITERAL_NULL_CONVERSION = YES;
				CLANG_WARN_OBJC_IMPLICIT_RETAIN_SELF = YES;
				CLANG_WARN_OBJC_LITERAL_CONVERSION = YES;
				CLANG_WARN_OBJC_ROOT_CLASS = YES_ERROR;
				CLANG_WARN_QUOTED_INCLUDE_IN_FRAMEWORK_HEADER = YES;
				CLANG_WARN_RANGE_LOOP_ANALYSIS = YES;
				CLANG_WARN_STRICT_PROTOTYPES = YES;
				CLANG_WARN_SUSPICIOUS_MOVE = YES;
				CLANG_WARN_UNGUARDED_AVAILABILITY = YES_AGGRESSIVE;
				CLANG_WARN_UNREACHABLE_CODE = YES;
				CLANG_WARN__DUPLICATE_METHOD_MATCH = YES;
				COPY_PHASE_STRIP = NO;
				DEBUG_INFORMATION_FORMAT = dwarf;
				ENABLE_STRICT_OBJC_MSGSEND = YES;
				ENABLE_TESTABILITY = YES;
				GCC_C_LANGUAGE_STANDARD = gnu11;
				GCC_DYNAMIC_NO_PIC = NO;
				GCC_NO_COMMON_BLOCKS = YES;
				GCC_OPTIMIZATION_LEVEL = 0;
				GCC_PREPROCESSOR_DEFINITIONS = (
					"DEBUG=1",
					"$(inherited)",
				);
				GCC_WARN_64_TO_32_BIT_CONVERSION = YES;
				GCC_WARN_ABOUT_RETURN_TYPE = YES_ERROR;
				GCC_WARN_UNDECLARED_SELECTOR = YES;
				GCC_WARN_UNINITIALIZED_AUTOS = YES_AGGRESSIVE;
				GCC_WARN_UNUSED_FUNCTION = YES;
				GCC_WARN_UNUSED_VARIABLE = YES;
				IPHONEOS_DEPLOYMENT_TARGET = 14.4;
				MTL_ENABLE_DEBUG_INFO = INCLUDE_SOURCE;
				MTL_FAST_MATH = YES;
				ONLY_ACTIVE_ARCH = YES;
				SDKROOT = iphoneos;
				SWIFT_ACTIVE_COMPILATION_CONDITIONS = DEBUG;
				SWIFT_OPTIMIZATION_LEVEL = "-Onone";
			};
			name = Debug;
		};
		2F62128925ED76A000A79FF6 /* Release */ = {
			isa = XCBuildConfiguration;
			buildSettings = {
				ALWAYS_SEARCH_USER_PATHS = NO;
				CLANG_ANALYZER_NONNULL = YES;
				CLANG_ANALYZER_NUMBER_OBJECT_CONVERSION = YES_AGGRESSIVE;
				CLANG_CXX_LANGUAGE_STANDARD = "gnu++14";
				CLANG_CXX_LIBRARY = "libc++";
				CLANG_ENABLE_MODULES = YES;
				CLANG_ENABLE_OBJC_ARC = YES;
				CLANG_ENABLE_OBJC_WEAK = YES;
				CLANG_WARN_BLOCK_CAPTURE_AUTORELEASING = YES;
				CLANG_WARN_BOOL_CONVERSION = YES;
				CLANG_WARN_COMMA = YES;
				CLANG_WARN_CONSTANT_CONVERSION = YES;
				CLANG_WARN_DEPRECATED_OBJC_IMPLEMENTATIONS = YES;
				CLANG_WARN_DIRECT_OBJC_ISA_USAGE = YES_ERROR;
				CLANG_WARN_DOCUMENTATION_COMMENTS = YES;
				CLANG_WARN_EMPTY_BODY = YES;
				CLANG_WARN_ENUM_CONVERSION = YES;
				CLANG_WARN_INFINITE_RECURSION = YES;
				CLANG_WARN_INT_CONVERSION = YES;
				CLANG_WARN_NON_LITERAL_NULL_CONVERSION = YES;
				CLANG_WARN_OBJC_IMPLICIT_RETAIN_SELF = YES;
				CLANG_WARN_OBJC_LITERAL_CONVERSION = YES;
				CLANG_WARN_OBJC_ROOT_CLASS = YES_ERROR;
				CLANG_WARN_QUOTED_INCLUDE_IN_FRAMEWORK_HEADER = YES;
				CLANG_WARN_RANGE_LOOP_ANALYSIS = YES;
				CLANG_WARN_STRICT_PROTOTYPES = YES;
				CLANG_WARN_SUSPICIOUS_MOVE = YES;
				CLANG_WARN_UNGUARDED_AVAILABILITY = YES_AGGRESSIVE;
				CLANG_WARN_UNREACHABLE_CODE = YES;
				CLANG_WARN__DUPLICATE_METHOD_MATCH = YES;
				COPY_PHASE_STRIP = NO;
				DEBUG_INFORMATION_FORMAT = "dwarf-with-dsym";
				ENABLE_NS_ASSERTIONS = NO;
				ENABLE_STRICT_OBJC_MSGSEND = YES;
				GCC_C_LANGUAGE_STANDARD = gnu11;
				GCC_NO_COMMON_BLOCKS = YES;
				GCC_WARN_64_TO_32_BIT_CONVERSION = YES;
				GCC_WARN_ABOUT_RETURN_TYPE = YES_ERROR;
				GCC_WARN_UNDECLARED_SELECTOR = YES;
				GCC_WARN_UNINITIALIZED_AUTOS = YES_AGGRESSIVE;
				GCC_WARN_UNUSED_FUNCTION = YES;
				GCC_WARN_UNUSED_VARIABLE = YES;
				IPHONEOS_DEPLOYMENT_TARGET = 14.4;
				MTL_ENABLE_DEBUG_INFO = NO;
				MTL_FAST_MATH = YES;
				SDKROOT = iphoneos;
				SWIFT_COMPILATION_MODE = wholemodule;
				SWIFT_OPTIMIZATION_LEVEL = "-O";
				VALIDATE_PRODUCT = YES;
			};
			name = Release;
		};
		2F62128B25ED76A000A79FF6 /* Debug */ = {
			isa = XCBuildConfiguration;
			baseConfigurationReference = C64A11349A2A4BF956EF50BD /* Pods-Parstagram.debug.xcconfig */;
			buildSettings = {
				ASSETCATALOG_COMPILER_APPICON_NAME = AppIcon;
				ASSETCATALOG_COMPILER_GLOBAL_ACCENT_COLOR_NAME = AccentColor;
				CODE_SIGN_STYLE = Automatic;
				INFOPLIST_FILE = Parstagram/Info.plist;
				LD_RUNPATH_SEARCH_PATHS = (
					"$(inherited)",
					"@executable_path/Frameworks",
				);
				PRODUCT_BUNDLE_IDENTIFIER = sfryzlewicz.Parstagram;
				PRODUCT_NAME = "$(TARGET_NAME)";
				SWIFT_VERSION = 5.0;
				TARGETED_DEVICE_FAMILY = "1,2";
			};
			name = Debug;
		};
		2F62128C25ED76A000A79FF6 /* Release */ = {
			isa = XCBuildConfiguration;
			baseConfigurationReference = 02E1EA4B8528FAFBB6B05907 /* Pods-Parstagram.release.xcconfig */;
			buildSettings = {
				ASSETCATALOG_COMPILER_APPICON_NAME = AppIcon;
				ASSETCATALOG_COMPILER_GLOBAL_ACCENT_COLOR_NAME = AccentColor;
				CODE_SIGN_STYLE = Automatic;
				INFOPLIST_FILE = Parstagram/Info.plist;
				LD_RUNPATH_SEARCH_PATHS = (
					"$(inherited)",
					"@executable_path/Frameworks",
				);
				PRODUCT_BUNDLE_IDENTIFIER = sfryzlewicz.Parstagram;
				PRODUCT_NAME = "$(TARGET_NAME)";
				SWIFT_VERSION = 5.0;
				TARGETED_DEVICE_FAMILY = "1,2";
			};
			name = Release;
		};
		2F62128E25ED76A000A79FF6 /* Debug */ = {
			isa = XCBuildConfiguration;
			baseConfigurationReference = A0A44CC81E9396A175B030FE /* Pods-ParstagramTests.debug.xcconfig */;
			buildSettings = {
				ALWAYS_EMBED_SWIFT_STANDARD_LIBRARIES = YES;
				BUNDLE_LOADER = "$(TEST_HOST)";
				CODE_SIGN_STYLE = Automatic;
				INFOPLIST_FILE = ParstagramTests/Info.plist;
				IPHONEOS_DEPLOYMENT_TARGET = 14.4;
				LD_RUNPATH_SEARCH_PATHS = (
					"$(inherited)",
					"@executable_path/Frameworks",
					"@loader_path/Frameworks",
				);
				PRODUCT_BUNDLE_IDENTIFIER = sfryzlewicz.ParstagramTests;
				PRODUCT_NAME = "$(TARGET_NAME)";
				SWIFT_VERSION = 5.0;
				TARGETED_DEVICE_FAMILY = "1,2";
				TEST_HOST = "$(BUILT_PRODUCTS_DIR)/Parstagram.app/Parstagram";
			};
			name = Debug;
		};
		2F62128F25ED76A000A79FF6 /* Release */ = {
			isa = XCBuildConfiguration;
			baseConfigurationReference = 427E4BB1AAA90668E6790C73 /* Pods-ParstagramTests.release.xcconfig */;
			buildSettings = {
				ALWAYS_EMBED_SWIFT_STANDARD_LIBRARIES = YES;
				BUNDLE_LOADER = "$(TEST_HOST)";
				CODE_SIGN_STYLE = Automatic;
				INFOPLIST_FILE = ParstagramTests/Info.plist;
				IPHONEOS_DEPLOYMENT_TARGET = 14.4;
				LD_RUNPATH_SEARCH_PATHS = (
					"$(inherited)",
					"@executable_path/Frameworks",
					"@loader_path/Frameworks",
				);
				PRODUCT_BUNDLE_IDENTIFIER = sfryzlewicz.ParstagramTests;
				PRODUCT_NAME = "$(TARGET_NAME)";
				SWIFT_VERSION = 5.0;
				TARGETED_DEVICE_FAMILY = "1,2";
				TEST_HOST = "$(BUILT_PRODUCTS_DIR)/Parstagram.app/Parstagram";
			};
			name = Release;
		};
		2F62129125ED76A000A79FF6 /* Debug */ = {
			isa = XCBuildConfiguration;
			baseConfigurationReference = 7113D309FCFEEC37A4946F2F /* Pods-Parstagram-ParstagramUITests.debug.xcconfig */;
			buildSettings = {
				ALWAYS_EMBED_SWIFT_STANDARD_LIBRARIES = YES;
				CODE_SIGN_STYLE = Automatic;
				INFOPLIST_FILE = ParstagramUITests/Info.plist;
				LD_RUNPATH_SEARCH_PATHS = (
					"$(inherited)",
					"@executable_path/Frameworks",
					"@loader_path/Frameworks",
				);
				PRODUCT_BUNDLE_IDENTIFIER = sfryzlewicz.ParstagramUITests;
				PRODUCT_NAME = "$(TARGET_NAME)";
				SWIFT_VERSION = 5.0;
				TARGETED_DEVICE_FAMILY = "1,2";
				TEST_TARGET_NAME = Parstagram;
			};
			name = Debug;
		};
		2F62129225ED76A000A79FF6 /* Release */ = {
			isa = XCBuildConfiguration;
			baseConfigurationReference = EB4A4BF6FA5BA46E22F5E55A /* Pods-Parstagram-ParstagramUITests.release.xcconfig */;
			buildSettings = {
				ALWAYS_EMBED_SWIFT_STANDARD_LIBRARIES = YES;
				CODE_SIGN_STYLE = Automatic;
				INFOPLIST_FILE = ParstagramUITests/Info.plist;
				LD_RUNPATH_SEARCH_PATHS = (
					"$(inherited)",
					"@executable_path/Frameworks",
					"@loader_path/Frameworks",
				);
				PRODUCT_BUNDLE_IDENTIFIER = sfryzlewicz.ParstagramUITests;
				PRODUCT_NAME = "$(TARGET_NAME)";
				SWIFT_VERSION = 5.0;
				TARGETED_DEVICE_FAMILY = "1,2";
				TEST_TARGET_NAME = Parstagram;
			};
			name = Release;
		};
/* End XCBuildConfiguration section */

/* Begin XCConfigurationList section */
		2F62125B25ED769F00A79FF6 /* Build configuration list for PBXProject "Parstagram" */ = {
			isa = XCConfigurationList;
			buildConfigurations = (
				2F62128825ED76A000A79FF6 /* Debug */,
				2F62128925ED76A000A79FF6 /* Release */,
			);
			defaultConfigurationIsVisible = 0;
			defaultConfigurationName = Release;
		};
		2F62128A25ED76A000A79FF6 /* Build configuration list for PBXNativeTarget "Parstagram" */ = {
			isa = XCConfigurationList;
			buildConfigurations = (
				2F62128B25ED76A000A79FF6 /* Debug */,
				2F62128C25ED76A000A79FF6 /* Release */,
			);
			defaultConfigurationIsVisible = 0;
			defaultConfigurationName = Release;
		};
		2F62128D25ED76A000A79FF6 /* Build configuration list for PBXNativeTarget "ParstagramTests" */ = {
			isa = XCConfigurationList;
			buildConfigurations = (
				2F62128E25ED76A000A79FF6 /* Debug */,
				2F62128F25ED76A000A79FF6 /* Release */,
			);
			defaultConfigurationIsVisible = 0;
			defaultConfigurationName = Release;
		};
		2F62129025ED76A000A79FF6 /* Build configuration list for PBXNativeTarget "ParstagramUITests" */ = {
			isa = XCConfigurationList;
			buildConfigurations = (
				2F62129125ED76A000A79FF6 /* Debug */,
				2F62129225ED76A000A79FF6 /* Release */,
			);
			defaultConfigurationIsVisible = 0;
			defaultConfigurationName = Release;
		};
/* End XCConfigurationList section */
	};
	rootObject = 2F62125825ED769F00A79FF6 /* Project object */;
}
